
Microsoft Visual Studio Solution File, Format Version 12.00
# Visual Studio Version 17
VisualStudioVersion = 17.11.35312.102
MinimumVisualStudioVersion = 10.0.40219.1
Project("{FAE04EC0-301F-11D3-BF4B-00C04F79EFBC}") = "Projet", "Projet.csproj", "{0D5447CE-0BB2-42CF-BEF2-505DA5AF997A}"
EndProject
Global
	GlobalSection(SolutionConfigurationPlatforms) = preSolution
		Debug|Any CPU = Debug|Any CPU
		Release|Any CPU = Release|Any CPU
	EndGlobalSection
	GlobalSection(ProjectConfigurationPlatforms) = postSolution
		{0D5447CE-0BB2-42CF-BEF2-505DA5AF997A}.Debug|Any CPU.ActiveCfg = Debug|Any CPU
		{0D5447CE-0BB2-42CF-BEF2-505DA5AF997A}.Debug|Any CPU.Build.0 = Debug|Any CPU
		{0D5447CE-0BB2-42CF-BEF2-505DA5AF997A}.Release|Any CPU.ActiveCfg = Release|Any CPU
		{0D5447CE-0BB2-42CF-BEF2-505DA5AF997A}.Release|Any CPU.Build.0 = Release|Any CPU
	EndGlobalSection
	GlobalSection(SolutionProperties) = preSolution
		HideSolutionNode = FALSE
	EndGlobalSection
	GlobalSection(ExtensibilityGlobals) = postSolution
		SolutionGuid = {DADE8B14-C5BB-41B9-BCEB-BE5571B69F53}
	EndGlobalSection
EndGlobal
